# THIS IS AN AUTOGENERATED FILE. DO NOT EDIT THIS FILE DIRECTLY.
# yarn lockfile v1


"@emailjs/browser@^4.4.1":
  "integrity" "sha512-DGSlP9sPvyFba3to2A50kDtZ+pXVp/0rhmqs2LmbMS3I5J8FSOgLwzY2Xb4qfKlOVHh29EAutLYwe5yuEZmEFg=="
  "resolved" "https://registry.npmjs.org/@emailjs/browser/-/browser-4.4.1.tgz"
  "version" "4.4.1"

"bootstrap-datepicker@^1.10.0":
  "integrity" "sha512-lWxtSYddAQOpbAO8UhYhHLcK6425eWoSjb5JDvZU3ePHEPF6A3eUr51WKaFy4PccU19JRxUG6wEU3KdhtKfvpg=="
  "resolved" "https://registry.npmjs.org/bootstrap-datepicker/-/bootstrap-datepicker-1.10.0.tgz"
  "version" "1.10.0"
  dependencies:
    "jquery" ">=3.4.0 <4.0.0"

"jquery@>=3.4.0 <4.0.0":
  "integrity" "sha512-m4avr8yL8kmFN8psrbFFFmB/If14iN5o9nw/NgnnM+kybDJpRsAynV2BsfpTYrTRysYUdADVD7CkUUizgkpLfg=="
  "resolved" "https://registry.npmjs.org/jquery/-/jquery-3.7.1.tgz"
  "version" "3.7.1"
